// !$*UTF8*$!
{
	archiveVersion = 1;
	classes = {
	};
	objectVersion = 46;
	objects = {

/* Begin PBXBuildFile section */
		4B250CD41F57DC20009E3011 /* DVIBVC_Delete@2x.png in Resources */ = {isa = PBXBuildFile; fileRef = 4B250CD31F57DC20009E3011 /* DVIBVC_Delete@2x.png */; };
		4B4CF4591F5535A200085FBF /* AppDelegate.swift in Sources */ = {isa = PBXBuildFile; fileRef = 4B4CF4581F5535A200085FBF /* AppDelegate.swift */; };
		4B4CF45B1F5535A200085FBF /* ViewController.swift in Sources */ = {isa = PBXBuildFile; fileRef = 4B4CF45A1F5535A200085FBF /* ViewController.swift */; };
		4B4CF45E1F5535A200085FBF /* Main.storyboard in Resources */ = {isa = PBXBuildFile; fileRef = 4B4CF45C1F5535A200085FBF /* Main.storyboard */; };
		4B4CF4601F5535A200085FBF /* Assets.xcassets in Resources */ = {isa = PBXBuildFile; fileRef = 4B4CF45F1F5535A200085FBF /* Assets.xcassets */; };
		4B4CF4631F5535A200085FBF /* LaunchScreen.storyboard in Resources */ = {isa = PBXBuildFile; fileRef = 4B4CF4611F5535A200085FBF /* LaunchScreen.storyboard */; };
		4B4CF46E1F5535A200085FBF /* DVImageBrowserVCDemoTests.swift in Sources */ = {isa = PBXBuildFile; fileRef = 4B4CF46D1F5535A200085FBF /* DVImageBrowserVCDemoTests.swift */; };
		4B4CF4791F5535A200085FBF /* DVImageBrowserVCDemoUITests.swift in Sources */ = {isa = PBXBuildFile; fileRef = 4B4CF4781F5535A200085FBF /* DVImageBrowserVCDemoUITests.swift */; };
		4B4CF48A1F55362400085FBF /* DVImageBrowserVC.swift in Sources */ = {isa = PBXBuildFile; fileRef = 4B4CF4891F55362400085FBF /* DVImageBrowserVC.swift */; };
		4B4CF48C1F55380900085FBF /* DVImageCell.swift in Sources */ = {isa = PBXBuildFile; fileRef = 4B4CF48B1F55380900085FBF /* DVImageCell.swift */; };
		4BCE18F91F5D308A00623D29 /* DVIBVC_Back@2x.png in Resources */ = {isa = PBXBuildFile; fileRef = 4BCE18F81F5D308A00623D29 /* DVIBVC_Back@2x.png */; };
		566F8F7F20A58A8400BD2096 /* DVActionSheetVC.swift in Sources */ = {isa = PBXBuildFile; fileRef = 566F8F7E20A58A8400BD2096 /* DVActionSheetVC.swift */; };
		727F5E1C0308355E77ABD2BD /* Pods_DVImageBrowserVCDemo.framework in Frameworks */ = {isa = PBXBuildFile; fileRef = 36BF9F3B9F2AE928E234B8EA /* Pods_DVImageBrowserVCDemo.framework */; };
/* End PBXBuildFile section */

/* Begin PBXContainerItemProxy section */
		4B4CF46A1F5535A200085FBF /* PBXContainerItemProxy */ = {
			isa = PBXContainerItemProxy;
			containerPortal = 4B4CF44D1F5535A200085FBF /* Project object */;
			proxyType = 1;
			remoteGlobalIDString = 4B4CF4541F5535A200085FBF;
			remoteInfo = DVImageBrowserVCDemo;
		};
		4B4CF4751F5535A200085FBF /* PBXContainerItemProxy */ = {
			isa = PBXContainerItemProxy;
			containerPortal = 4B4CF44D1F5535A200085FBF /* Project object */;
			proxyType = 1;
			remoteGlobalIDString = 4B4CF4541F5535A200085FBF;
			remoteInfo = DVImageBrowserVCDemo;
		};
/* End PBXContainerItemProxy section */

/* Begin PBXFileReference section */
		1B834D036CA1DEF438AE3F6F /* Pods-DVImageBrowserVCDemo.release.xcconfig */ = {isa = PBXFileReference; includeInIndex = 1; lastKnownFileType = text.xcconfig; name = "Pods-DVImageBrowserVCDemo.release.xcconfig"; path = "Pods/Target Support Files/Pods-DVImageBrowserVCDemo/Pods-DVImageBrowserVCDemo.release.xcconfig"; sourceTree = "<group>"; };
		36BF9F3B9F2AE928E234B8EA /* Pods_DVImageBrowserVCDemo.framework */ = {isa = PBXFileReference; explicitFileType = wrapper.framework; includeInIndex = 0; path = Pods_DVImageBrowserVCDemo.framework; sourceTree = BUILT_PRODUCTS_DIR; };
		4B250CD31F57DC20009E3011 /* DVIBVC_Delete@2x.png */ = {isa = PBXFileReference; lastKnownFileType = image.png; path = "DVIBVC_Delete@2x.png"; sourceTree = "<group>"; };
		4B4CF4551F5535A200085FBF /* DVImageBrowserVCDemo.app */ = {isa = PBXFileReference; explicitFileType = wrapper.application; includeInIndex = 0; path = DVImageBrowserVCDemo.app; sourceTree = BUILT_PRODUCTS_DIR; };
		4B4CF4581F5535A200085FBF /* AppDelegate.swift */ = {isa = PBXFileReference; lastKnownFileType = sourcecode.swift; path = AppDelegate.swift; sourceTree = "<group>"; };
		4B4CF45A1F5535A200085FBF /* ViewController.swift */ = {isa = PBXFileReference; lastKnownFileType = sourcecode.swift; path = ViewController.swift; sourceTree = "<group>"; };
		4B4CF45D1F5535A200085FBF /* Base */ = {isa = PBXFileReference; lastKnownFileType = file.storyboard; name = Base; path = Base.lproj/Main.storyboard; sourceTree = "<group>"; };
		4B4CF45F1F5535A200085FBF /* Assets.xcassets */ = {isa = PBXFileReference; lastKnownFileType = folder.assetcatalog; path = Assets.xcassets; sourceTree = "<group>"; };
		4B4CF4621F5535A200085FBF /* Base */ = {isa = PBXFileReference; lastKnownFileType = file.storyboard; name = Base; path = Base.lproj/LaunchScreen.storyboard; sourceTree = "<group>"; };
		4B4CF4641F5535A200085FBF /* Info.plist */ = {isa = PBXFileReference; lastKnownFileType = text.plist.xml; path = Info.plist; sourceTree = "<group>"; };
		4B4CF4691F5535A200085FBF /* DVImageBrowserVCDemoTests.xctest */ = {isa = PBXFileReference; explicitFileType = wrapper.cfbundle; includeInIndex = 0; path = DVImageBrowserVCDemoTests.xctest; sourceTree = BUILT_PRODUCTS_DIR; };
		4B4CF46D1F5535A200085FBF /* DVImageBrowserVCDemoTests.swift */ = {isa = PBXFileReference; lastKnownFileType = sourcecode.swift; path = DVImageBrowserVCDemoTests.swift; sourceTree = "<group>"; };
		4B4CF46F1F5535A200085FBF /* Info.plist */ = {isa = PBXFileReference; lastKnownFileType = text.plist.xml; path = Info.plist; sourceTree = "<group>"; };
		4B4CF4741F5535A200085FBF /* DVImageBrowserVCDemoUITests.xctest */ = {isa = PBXFileReference; explicitFileType = wrapper.cfbundle; includeInIndex = 0; path = DVImageBrowserVCDemoUITests.xctest; sourceTree = BUILT_PRODUCTS_DIR; };
		4B4CF4781F5535A200085FBF /* DVImageBrowserVCDemoUITests.swift */ = {isa = PBXFileReference; lastKnownFileType = sourcecode.swift; path = DVImageBrowserVCDemoUITests.swift; sourceTree = "<group>"; };
		4B4CF47A1F5535A200085FBF /* Info.plist */ = {isa = PBXFileReference; lastKnownFileType = text.plist.xml; path = Info.plist; sourceTree = "<group>"; };
		4B4CF4891F55362400085FBF /* DVImageBrowserVC.swift */ = {isa = PBXFileReference; fileEncoding = 4; lastKnownFileType = sourcecode.swift; path = DVImageBrowserVC.swift; sourceTree = "<group>"; };
		4B4CF48B1F55380900085FBF /* DVImageCell.swift */ = {isa = PBXFileReference; fileEncoding = 4; lastKnownFileType = sourcecode.swift; path = DVImageCell.swift; sourceTree = "<group>"; };
		4B5123A51F56B05B004B4FEE /* Header.h */ = {isa = PBXFileReference; lastKnownFileType = sourcecode.c.h; path = Header.h; sourceTree = "<group>"; };
		4BCE18F81F5D308A00623D29 /* DVIBVC_Back@2x.png */ = {isa = PBXFileReference; lastKnownFileType = image.png; path = "DVIBVC_Back@2x.png"; sourceTree = "<group>"; };
		523FBF0B84A63DC6960E2D1A /* Pods-DVImageBrowserVCDemo.debug.xcconfig */ = {isa = PBXFileReference; includeInIndex = 1; lastKnownFileType = text.xcconfig; name = "Pods-DVImageBrowserVCDemo.debug.xcconfig"; path = "Pods/Target Support Files/Pods-DVImageBrowserVCDemo/Pods-DVImageBrowserVCDemo.debug.xcconfig"; sourceTree = "<group>"; };
		566F8F7E20A58A8400BD2096 /* DVActionSheetVC.swift */ = {isa = PBXFileReference; fileEncoding = 4; lastKnownFileType = sourcecode.swift; path = DVActionSheetVC.swift; sourceTree = "<group>"; };
/* End PBXFileReference section */

/* Begin PBXFrameworksBuildPhase section */
		4B4CF4521F5535A200085FBF /* Frameworks */ = {
			isa = PBXFrameworksBuildPhase;
			buildActionMask = 2147483647;
			files = (
				727F5E1C0308355E77ABD2BD /* Pods_DVImageBrowserVCDemo.framework in Frameworks */,
			);
			runOnlyForDeploymentPostprocessing = 0;
		};
		4B4CF4661F5535A200085FBF /* Frameworks */ = {
			isa = PBXFrameworksBuildPhase;
			buildActionMask = 2147483647;
			files = (
			);
			runOnlyForDeploymentPostprocessing = 0;
		};
		4B4CF4711F5535A200085FBF /* Frameworks */ = {
			isa = PBXFrameworksBuildPhase;
			buildActionMask = 2147483647;
			files = (
			);
			runOnlyForDeploymentPostprocessing = 0;
		};
/* End PBXFrameworksBuildPhase section */

/* Begin PBXGroup section */
		44E523DBD8DA05F3BF1C36DC /* Frameworks */ = {
			isa = PBXGroup;
			children = (
				36BF9F3B9F2AE928E234B8EA /* Pods_DVImageBrowserVCDemo.framework */,
			);
			name = Frameworks;
			sourceTree = "<group>";
		};
		4B250CD01F57DAE0009E3011 /* Resources */ = {
			isa = PBXGroup;
			children = (
				4BCE18F81F5D308A00623D29 /* DVIBVC_Back@2x.png */,
				4B250CD31F57DC20009E3011 /* DVIBVC_Delete@2x.png */,
			);
			path = Resources;
			sourceTree = "<group>";
		};
		4B4CF44C1F5535A200085FBF = {
			isa = PBXGroup;
			children = (
				4B4CF4571F5535A200085FBF /* DVImageBrowserVCDemo */,
				4B4CF46C1F5535A200085FBF /* DVImageBrowserVCDemoTests */,
				4B4CF4771F5535A200085FBF /* DVImageBrowserVCDemoUITests */,
				4B4CF4561F5535A200085FBF /* Products */,
				B4B5D9957583891650B1602C /* Pods */,
				44E523DBD8DA05F3BF1C36DC /* Frameworks */,
			);
			sourceTree = "<group>";
		};
		4B4CF4561F5535A200085FBF /* Products */ = {
			isa = PBXGroup;
			children = (
				4B4CF4551F5535A200085FBF /* DVImageBrowserVCDemo.app */,
				4B4CF4691F5535A200085FBF /* DVImageBrowserVCDemoTests.xctest */,
				4B4CF4741F5535A200085FBF /* DVImageBrowserVCDemoUITests.xctest */,
			);
			name = Products;
			sourceTree = "<group>";
		};
		4B4CF4571F5535A200085FBF /* DVImageBrowserVCDemo */ = {
			isa = PBXGroup;
			children = (
				4B4CF4881F55361C00085FBF /* DVImageBrowserVC */,
				566F8F7D20A58A8400BD2096 /* DVActionSheetVC */,
				4B4CF4581F5535A200085FBF /* AppDelegate.swift */,
				4B4CF45A1F5535A200085FBF /* ViewController.swift */,
				4B4CF45C1F5535A200085FBF /* Main.storyboard */,
				4B4CF45F1F5535A200085FBF /* Assets.xcassets */,
				4B4CF4611F5535A200085FBF /* LaunchScreen.storyboard */,
				4B4CF4641F5535A200085FBF /* Info.plist */,
				4B5123A51F56B05B004B4FEE /* Header.h */,
			);
			path = DVImageBrowserVCDemo;
			sourceTree = "<group>";
		};
		4B4CF46C1F5535A200085FBF /* DVImageBrowserVCDemoTests */ = {
			isa = PBXGroup;
			children = (
				4B4CF46D1F5535A200085FBF /* DVImageBrowserVCDemoTests.swift */,
				4B4CF46F1F5535A200085FBF /* Info.plist */,
			);
			path = DVImageBrowserVCDemoTests;
			sourceTree = "<group>";
		};
		4B4CF4771F5535A200085FBF /* DVImageBrowserVCDemoUITests */ = {
			isa = PBXGroup;
			children = (
				4B4CF4781F5535A200085FBF /* DVImageBrowserVCDemoUITests.swift */,
				4B4CF47A1F5535A200085FBF /* Info.plist */,
			);
			path = DVImageBrowserVCDemoUITests;
			sourceTree = "<group>";
		};
		4B4CF4881F55361C00085FBF /* DVImageBrowserVC */ = {
			isa = PBXGroup;
			children = (
				4B250CD01F57DAE0009E3011 /* Resources */,
				4B4CF4891F55362400085FBF /* DVImageBrowserVC.swift */,
				4B4CF48B1F55380900085FBF /* DVImageCell.swift */,
			);
			path = DVImageBrowserVC;
			sourceTree = "<group>";
		};
		566F8F7D20A58A8400BD2096 /* DVActionSheetVC */ = {
			isa = PBXGroup;
			children = (
				566F8F7E20A58A8400BD2096 /* DVActionSheetVC.swift */,
			);
			path = DVActionSheetVC;
			sourceTree = "<group>";
		};
		B4B5D9957583891650B1602C /* Pods */ = {
			isa = PBXGroup;
			children = (
				523FBF0B84A63DC6960E2D1A /* Pods-DVImageBrowserVCDemo.debug.xcconfig */,
				1B834D036CA1DEF438AE3F6F /* Pods-DVImageBrowserVCDemo.release.xcconfig */,
			);
			name = Pods;
			sourceTree = "<group>";
		};
/* End PBXGroup section */

/* Begin PBXNativeTarget section */
		4B4CF4541F5535A200085FBF /* DVImageBrowserVCDemo */ = {
			isa = PBXNativeTarget;
			buildConfigurationList = 4B4CF47D1F5535A200085FBF /* Build configuration list for PBXNativeTarget "DVImageBrowserVCDemo" */;
			buildPhases = (
				754F5DF255D32FB552CF7DE2 /* [CP] Check Pods Manifest.lock */,
				4B4CF4511F5535A200085FBF /* Sources */,
				4B4CF4521F5535A200085FBF /* Frameworks */,
				4B4CF4531F5535A200085FBF /* Resources */,
				C3675D7CD1D630C949A4BE62 /* [CP] Embed Pods Frameworks */,
			);
			buildRules = (
			);
			dependencies = (
			);
			name = DVImageBrowserVCDemo;
			productName = DVImageBrowserVCDemo;
			productReference = 4B4CF4551F5535A200085FBF /* DVImageBrowserVCDemo.app */;
			productType = "com.apple.product-type.application";
		};
		4B4CF4681F5535A200085FBF /* DVImageBrowserVCDemoTests */ = {
			isa = PBXNativeTarget;
			buildConfigurationList = 4B4CF4801F5535A200085FBF /* Build configuration list for PBXNativeTarget "DVImageBrowserVCDemoTests" */;
			buildPhases = (
				4B4CF4651F5535A200085FBF /* Sources */,
				4B4CF4661F5535A200085FBF /* Frameworks */,
				4B4CF4671F5535A200085FBF /* Resources */,
			);
			buildRules = (
			);
			dependencies = (
				4B4CF46B1F5535A200085FBF /* PBXTargetDependency */,
			);
			name = DVImageBrowserVCDemoTests;
			productName = DVImageBrowserVCDemoTests;
			productReference = 4B4CF4691F5535A200085FBF /* DVImageBrowserVCDemoTests.xctest */;
			productType = "com.apple.product-type.bundle.unit-test";
		};
		4B4CF4731F5535A200085FBF /* DVImageBrowserVCDemoUITests */ = {
			isa = PBXNativeTarget;
			buildConfigurationList = 4B4CF4831F5535A200085FBF /* Build configuration list for PBXNativeTarget "DVImageBrowserVCDemoUITests" */;
			buildPhases = (
				4B4CF4701F5535A200085FBF /* Sources */,
				4B4CF4711F5535A200085FBF /* Frameworks */,
				4B4CF4721F5535A200085FBF /* Resources */,
			);
			buildRules = (
			);
			dependencies = (
				4B4CF4761F5535A200085FBF /* PBXTargetDependency */,
			);
			name = DVImageBrowserVCDemoUITests;
			productName = DVImageBrowserVCDemoUITests;
			productReference = 4B4CF4741F5535A200085FBF /* DVImageBrowserVCDemoUITests.xctest */;
			productType = "com.apple.product-type.bundle.ui-testing";
		};
/* End PBXNativeTarget section */

/* Begin PBXProject section */
		4B4CF44D1F5535A200085FBF /* Project object */ = {
			isa = PBXProject;
			attributes = {
				LastSwiftUpdateCheck = 0830;
				LastUpgradeCheck = 0830;
				ORGANIZATIONNAME = david;
				TargetAttributes = {
					4B4CF4541F5535A200085FBF = {
						CreatedOnToolsVersion = 8.3.3;
						DevelopmentTeam = W44VGDHSN2;
						ProvisioningStyle = Automatic;
					};
					4B4CF4681F5535A200085FBF = {
						CreatedOnToolsVersion = 8.3.3;
						DevelopmentTeam = D8Q225Y964;
						ProvisioningStyle = Automatic;
						TestTargetID = 4B4CF4541F5535A200085FBF;
					};
					4B4CF4731F5535A200085FBF = {
						CreatedOnToolsVersion = 8.3.3;
						DevelopmentTeam = D8Q225Y964;
						ProvisioningStyle = Automatic;
						TestTargetID = 4B4CF4541F5535A200085FBF;
					};
				};
			};
			buildConfigurationList = 4B4CF4501F5535A200085FBF /* Build configuration list for PBXProject "DVImageBrowserVCDemo" */;
			compatibilityVersion = "Xcode 3.2";
			developmentRegion = English;
			hasScannedForEncodings = 0;
			knownRegions = (
				en,
				Base,
			);
			mainGroup = 4B4CF44C1F5535A200085FBF;
			productRefGroup = 4B4CF4561F5535A200085FBF /* Products */;
			projectDirPath = "";
			projectRoot = "";
			targets = (
				4B4CF4541F5535A200085FBF /* DVImageBrowserVCDemo */,
				4B4CF4681F5535A200085FBF /* DVImageBrowserVCDemoTests */,
				4B4CF4731F5535A200085FBF /* DVImageBrowserVCDemoUITests */,
			);
		};
/* End PBXProject section */

/* Begin PBXResourcesBuildPhase section */
		4B4CF4531F5535A200085FBF /* Resources */ = {
			isa = PBXResourcesBuildPhase;
			buildActionMask = 2147483647;
			files = (
				4B250CD41F57DC20009E3011 /* DVIBVC_Delete@2x.png in Resources */,
				4B4CF4631F5535A200085FBF /* LaunchScreen.storyboard in Resources */,
				4B4CF4601F5535A200085FBF /* Assets.xcassets in Resources */,
				4B4CF45E1F5535A200085FBF /* Main.storyboard in Resources */,
				4BCE18F91F5D308A00623D29 /* DVIBVC_Back@2x.png in Resources */,
			);
			runOnlyForDeploymentPostprocessing = 0;
		};
		4B4CF4671F5535A200085FBF /* Resources */ = {
			isa = PBXResourcesBuildPhase;
			buildActionMask = 2147483647;
			files = (
			);
			runOnlyForDeploymentPostprocessing = 0;
		};
		4B4CF4721F5535A200085FBF /* Resources */ = {
			isa = PBXResourcesBuildPhase;
			buildActionMask = 2147483647;
			files = (
			);
			runOnlyForDeploymentPostprocessing = 0;
		};
/* End PBXResourcesBuildPhase section */

/* Begin PBXShellScriptBuildPhase section */
		754F5DF255D32FB552CF7DE2 /* [CP] Check Pods Manifest.lock */ = {
			isa = PBXShellScriptBuildPhase;
			buildActionMask = 2147483647;
			files = (
			);
			inputPaths = (
				"${PODS_PODFILE_DIR_PATH}/Podfile.lock",
				"${PODS_ROOT}/Manifest.lock",
			);
			name = "[CP] Check Pods Manifest.lock";
			outputPaths = (
				"$(DERIVED_FILE_DIR)/Pods-DVImageBrowserVCDemo-checkManifestLockResult.txt",
			);
			runOnlyForDeploymentPostprocessing = 0;
			shellPath = /bin/sh;
			shellScript = "diff \"${PODS_PODFILE_DIR_PATH}/Podfile.lock\" \"${PODS_ROOT}/Manifest.lock\" > /dev/null\nif [ $? != 0 ] ; then\n    # print error to STDERR\n    echo \"error: The sandbox is not in sync with the Podfile.lock. Run 'pod install' or update your CocoaPods installation.\" >&2\n    exit 1\nfi\n# This output is used by Xcode 'outputs' to avoid re-running this script phase.\necho \"SUCCESS\" > \"${SCRIPT_OUTPUT_FILE_0}\"\n";
			showEnvVarsInLog = 0;
		};
		C3675D7CD1D630C949A4BE62 /* [CP] Embed Pods Frameworks */ = {
			isa = PBXShellScriptBuildPhase;
			buildActionMask = 2147483647;
			files = (
			);
			inputPaths = (
				"${SRCROOT}/Pods/Target Support Files/Pods-DVImageBrowserVCDemo/Pods-DVImageBrowserVCDemo-frameworks.sh",
				"${BUILT_PRODUCTS_DIR}/SDWebImage/SDWebImage.framework",
			);
			name = "[CP] Embed Pods Frameworks";
			outputPaths = (
				"${TARGET_BUILD_DIR}/${FRAMEWORKS_FOLDER_PATH}/SDWebImage.framework",
			);
			runOnlyForDeploymentPostprocessing = 0;
			shellPath = /bin/sh;
			shellScript = "\"${SRCROOT}/Pods/Target Support Files/Pods-DVImageBrowserVCDemo/Pods-DVImageBrowserVCDemo-frameworks.sh\"\n";
			showEnvVarsInLog = 0;
		};
/* End PBXShellScriptBuildPhase section */

/* Begin PBXSourcesBuildPhase section */
		4B4CF4511F5535A200085FBF /* Sources */ = {
			isa = PBXSourcesBuildPhase;
			buildActionMask = 2147483647;
			files = (
				4B4CF45B1F5535A200085FBF /* ViewController.swift in Sources */,
				4B4CF48C1F55380900085FBF /* DVImageCell.swift in Sources */,
				4B4CF4591F5535A200085FBF /* AppDelegate.swift in Sources */,
				4B4CF48A1F55362400085FBF /* DVImageBrowserVC.swift in Sources */,
				566F8F7F20A58A8400BD2096 /* DVActionSheetVC.swift in Sources */,
			);
			runOnlyForDeploymentPostprocessing = 0;
		};
		4B4CF4651F5535A200085FBF /* Sources */ = {
			isa = PBXSourcesBuildPhase;
			buildActionMask = 2147483647;
			files = (
				4B4CF46E1F5535A200085FBF /* DVImageBrowserVCDemoTests.swift in Sources */,
			);
			runOnlyForDeploymentPostprocessing = 0;
		};
		4B4CF4701F5535A200085FBF /* Sources */ = {
			isa = PBXSourcesBuildPhase;
			buildActionMask = 2147483647;
			files = (
				4B4CF4791F5535A200085FBF /* DVImageBrowserVCDemoUITests.swift in Sources */,
			);
			runOnlyForDeploymentPostprocessing = 0;
		};
/* End PBXSourcesBuildPhase section */

/* Begin PBXTargetDependency section */
		4B4CF46B1F5535A200085FBF /* PBXTargetDependency */ = {
			isa = PBXTargetDependency;
			target = 4B4CF4541F5535A200085FBF /* DVImageBrowserVCDemo */;
			targetProxy = 4B4CF46A1F5535A200085FBF /* PBXContainerItemProxy */;
		};
		4B4CF4761F5535A200085FBF /* PBXTargetDependency */ = {
			isa = PBXTargetDependency;
			target = 4B4CF4541F5535A200085FBF /* DVImageBrowserVCDemo */;
			targetProxy = 4B4CF4751F5535A200085FBF /* PBXContainerItemProxy */;
		};
/* End PBXTargetDependency section */

/* Begin PBXVariantGroup section */
		4B4CF45C1F5535A200085FBF /* Main.storyboard */ = {
			isa = PBXVariantGroup;
			children = (
				4B4CF45D1F5535A200085FBF /* Base */,
			);
			name = Main.storyboard;
			sourceTree = "<group>";
		};
		4B4CF4611F5535A200085FBF /* LaunchScreen.storyboard */ = {
			isa = PBXVariantGroup;
			children = (
				4B4CF4621F5535A200085FBF /* Base */,
			);
			name = LaunchScreen.storyboard;
			sourceTree = "<group>";
		};
/* End PBXVariantGroup section */

/* Begin XCBuildConfiguration section */
		4B4CF47B1F5535A200085FBF /* Debug */ = {
			isa = XCBuildConfiguration;
			buildSettings = {
				ALWAYS_SEARCH_USER_PATHS = NO;
				CLANG_ANALYZER_NONNULL = YES;
				CLANG_ANALYZER_NUMBER_OBJECT_CONVERSION = YES_AGGRESSIVE;
				CLANG_CXX_LANGUAGE_STANDARD = "gnu++0x";
				CLANG_CXX_LIBRARY = "libc++";
				CLANG_ENABLE_MODULES = YES;
				CLANG_ENABLE_OBJC_ARC = YES;
				CLANG_WARN_BOOL_CONVERSION = YES;
				CLANG_WARN_CONSTANT_CONVERSION = YES;
				CLANG_WARN_DIRECT_OBJC_ISA_USAGE = YES_ERROR;
				CLANG_WARN_DOCUMENTATION_COMMENTS = YES;
				CLANG_WARN_EMPTY_BODY = YES;
				CLANG_WARN_ENUM_CONVERSION = YES;
				CLANG_WARN_INFINITE_RECURSION = YES;
				CLANG_WARN_INT_CONVERSION = YES;
				CLANG_WARN_OBJC_ROOT_CLASS = YES_ERROR;
				CLANG_WARN_SUSPICIOUS_MOVE = YES;
				CLANG_WARN_UNREACHABLE_CODE = YES;
				CLANG_WARN__DUPLICATE_METHOD_MATCH = YES;
				"CODE_SIGN_IDENTITY[sdk=iphoneos*]" = "iPhone Developer";
				COPY_PHASE_STRIP = NO;
				DEBUG_INFORMATION_FORMAT = dwarf;
				ENABLE_STRICT_OBJC_MSGSEND = YES;
				ENABLE_TESTABILITY = YES;
				GCC_C_LANGUAGE_STANDARD = gnu99;
				GCC_DYNAMIC_NO_PIC = NO;
				GCC_NO_COMMON_BLOCKS = YES;
				GCC_OPTIMIZATION_LEVEL = 0;
				GCC_PREPROCESSOR_DEFINITIONS = (
					"DEBUG=1",
					"$(inherited)",
				);
				GCC_WARN_64_TO_32_BIT_CONVERSION = YES;
				GCC_WARN_ABOUT_RETURN_TYPE = YES_ERROR;
				GCC_WARN_UNDECLARED_SELECTOR = YES;
				GCC_WARN_UNINITIALIZED_AUTOS = YES_AGGRESSIVE;
				GCC_WARN_UNUSED_FUNCTION = YES;
				GCC_WARN_UNUSED_VARIABLE = YES;
				IPHONEOS_DEPLOYMENT_TARGET = 10.3;
				MTL_ENABLE_DEBUG_INFO = YES;
				ONLY_ACTIVE_ARCH = YES;
				SDKROOT = iphoneos;
				SWIFT_ACTIVE_COMPILATION_CONDITIONS = DEBUG;
				SWIFT_OPTIMIZATION_LEVEL = "-Onone";
			};
			name = Debug;
		};
		4B4CF47C1F5535A200085FBF /* Release */ = {
			isa = XCBuildConfiguration;
			buildSettings = {
				ALWAYS_SEARCH_USER_PATHS = NO;
				CLANG_ANALYZER_NONNULL = YES;
				CLANG_ANALYZER_NUMBER_OBJECT_CONVERSION = YES_AGGRESSIVE;
				CLANG_CXX_LANGUAGE_STANDARD = "gnu++0x";
				CLANG_CXX_LIBRARY = "libc++";
				CLANG_ENABLE_MODULES = YES;
				CLANG_ENABLE_OBJC_ARC = YES;
				CLANG_WARN_BOOL_CONVERSION = YES;
				CLANG_WARN_CONSTANT_CONVERSION = YES;
				CLANG_WARN_DIRECT_OBJC_ISA_USAGE = YES_ERROR;
				CLANG_WARN_DOCUMENTATION_COMMENTS = YES;
				CLANG_WARN_EMPTY_BODY = YES;
				CLANG_WARN_ENUM_CONVERSION = YES;
				CLANG_WARN_INFINITE_RECURSION = YES;
				CLANG_WARN_INT_CONVERSION = YES;
				CLANG_WARN_OBJC_ROOT_CLASS = YES_ERROR;
				CLANG_WARN_SUSPICIOUS_MOVE = YES;
				CLANG_WARN_UNREACHABLE_CODE = YES;
				CLANG_WARN__DUPLICATE_METHOD_MATCH = YES;
				"CODE_SIGN_IDENTITY[sdk=iphoneos*]" = "iPhone Developer";
				COPY_PHASE_STRIP = NO;
				DEBUG_INFORMATION_FORMAT = "dwarf-with-dsym";
				ENABLE_NS_ASSERTIONS = NO;
				ENABLE_STRICT_OBJC_MSGSEND = YES;
				GCC_C_LANGUAGE_STANDARD = gnu99;
				GCC_NO_COMMON_BLOCKS = YES;
				GCC_WARN_64_TO_32_BIT_CONVERSION = YES;
				GCC_WARN_ABOUT_RETURN_TYPE = YES_ERROR;
				GCC_WARN_UNDECLARED_SELECTOR = YES;
				GCC_WARN_UNINITIALIZED_AUTOS = YES_AGGRESSIVE;
				GCC_WARN_UNUSED_FUNCTION = YES;
				GCC_WARN_UNUSED_VARIABLE = YES;
				IPHONEOS_DEPLOYMENT_TARGET = 10.3;
				MTL_ENABLE_DEBUG_INFO = NO;
				SDKROOT = iphoneos;
				SWIFT_OPTIMIZATION_LEVEL = "-Owholemodule";
				VALIDATE_PRODUCT = YES;
			};
			name = Release;
		};
		4B4CF47E1F5535A200085FBF /* Debug */ = {
			isa = XCBuildConfiguration;
			baseConfigurationReference = 523FBF0B84A63DC6960E2D1A /* Pods-DVImageBrowserVCDemo.debug.xcconfig */;
			buildSettings = {
				ASSETCATALOG_COMPILER_APPICON_NAME = AppIcon;
				CODE_SIGN_IDENTITY = "iPhone Developer";
				CODE_SIGN_STYLE = Automatic;
				DEVELOPMENT_TEAM = "";
				HEADER_SEARCH_PATHS = "${SRCROOT}/**";
				INFOPLIST_FILE = DVImageBrowserVCDemo/Info.plist;
				IPHONEOS_DEPLOYMENT_TARGET = 8.0;
				LD_RUNPATH_SEARCH_PATHS = "$(inherited) @executable_path/Frameworks";
				PRODUCT_BUNDLE_IDENTIFIER = com.amall360.amalltest;
				PRODUCT_NAME = "$(TARGET_NAME)";
				PROVISIONING_PROFILE = "";
				PROVISIONING_PROFILE_SPECIFIER = "";
				SWIFT_OBJC_BRIDGING_HEADER = "${SRCROOT}/DVImageBrowserVCDemo/Header.h";
				SWIFT_VERSION = 4.2;
			};
			name = Debug;
		};
		4B4CF47F1F5535A200085FBF /* Release */ = {
			isa = XCBuildConfiguration;
			baseConfigurationReference = 1B834D036CA1DEF438AE3F6F /* Pods-DVImageBrowserVCDemo.release.xcconfig */;
			buildSettings = {
				ASSETCATALOG_COMPILER_APPICON_NAME = AppIcon;
				CODE_SIGN_IDENTITY = "iPhone Developer";
				CODE_SIGN_STYLE = Automatic;
				DEVELOPMENT_TEAM = "";
				HEADER_SEARCH_PATHS = "${SRCROOT}/**";
				INFOPLIST_FILE = DVImageBrowserVCDemo/Info.plist;
				IPHONEOS_DEPLOYMENT_TARGET = 8.0;
				LD_RUNPATH_SEARCH_PATHS = "$(inherited) @executable_path/Frameworks";
				PRODUCT_BUNDLE_IDENTIFIER = com.amall360.amalltest;
				PRODUCT_NAME = "$(TARGET_NAME)";
				PROVISIONING_PROFILE_SPECIFIER = "";
				SWIFT_OBJC_BRIDGING_HEADER = "${SRCROOT}/DVImageBrowserVCDemo/Header.h";
				SWIFT_VERSION = 4.2;
			};
			name = Release;
		};
		4B4CF4811F5535A200085FBF /* Debug */ = {
			isa = XCBuildConfiguration;
			buildSettings = {
				ALWAYS_EMBED_SWIFT_STANDARD_LIBRARIES = YES;
				BUNDLE_LOADER = "$(TEST_HOST)";
				DEVELOPMENT_TEAM = D8Q225Y964;
				INFOPLIST_FILE = DVImageBrowserVCDemoTests/Info.plist;
				LD_RUNPATH_SEARCH_PATHS = "$(inherited) @executable_path/Frameworks @loader_path/Frameworks";
				PRODUCT_BUNDLE_IDENTIFIER = com.amall360.amalltest.DVImageBrowserVCDemoTests;
				PRODUCT_NAME = "$(TARGET_NAME)";
				SWIFT_VERSION = 3.0;
				TEST_HOST = "$(BUILT_PRODUCTS_DIR)/DVImageBrowserVCDemo.app/DVImageBrowserVCDemo";
			};
			name = Debug;
		};
		4B4CF4821F5535A200085FBF /* Release */ = {
			isa = XCBuildConfiguration;
			buildSettings = {
				ALWAYS_EMBED_SWIFT_STANDARD_LIBRARIES = YES;
				BUNDLE_LOADER = "$(TEST_HOST)";
				DEVELOPMENT_TEAM = D8Q225Y964;
				INFOPLIST_FILE = DVImageBrowserVCDemoTests/Info.plist;
				LD_RUNPATH_SEARCH_PATHS = "$(inherited) @executable_path/Frameworks @loader_path/Frameworks";
				PRODUCT_BUNDLE_IDENTIFIER = com.amall360.amalltest.DVImageBrowserVCDemoTests;
				PRODUCT_NAME = "$(TARGET_NAME)";
				SWIFT_VERSION = 3.0;
				TEST_HOST = "$(BUILT_PRODUCTS_DIR)/DVImageBrowserVCDemo.app/DVImageBrowserVCDemo";
			};
			name = Release;
		};
		4B4CF4841F5535A200085FBF /* Debug */ = {
			isa = XCBuildConfiguration;
			buildSettings = {
				ALWAYS_EMBED_SWIFT_STANDARD_LIBRARIES = YES;
				DEVELOPMENT_TEAM = D8Q225Y964;
				INFOPLIST_FILE = DVImageBrowserVCDemoUITests/Info.plist;
				LD_RUNPATH_SEARCH_PATHS = "$(inherited) @executable_path/Frameworks @loader_path/Frameworks";
				PRODUCT_BUNDLE_IDENTIFIER = com.amall360.amalltest.DVImageBrowserVCDemoUITests;
				PRODUCT_NAME = "$(TARGET_NAME)";
				SWIFT_VERSION = 3.0;
				TEST_TARGET_NAME = DVImageBrowserVCDemo;
			};
			name = Debug;
		};
		4B4CF4851F5535A200085FBF /* Release */ = {
			isa = XCBuildConfiguration;
			buildSettings = {
				ALWAYS_EMBED_SWIFT_STANDARD_LIBRARIES = YES;
				DEVELOPMENT_TEAM = D8Q225Y964;
				INFOPLIST_FILE = DVImageBrowserVCDemoUITests/Info.plist;
				LD_RUNPATH_SEARCH_PATHS = "$(inherited) @executable_path/Frameworks @loader_path/Frameworks";
				PRODUCT_BUNDLE_IDENTIFIER = com.amall360.amalltest.DVImageBrowserVCDemoUITests;
				PRODUCT_NAME = "$(TARGET_NAME)";
				SWIFT_VERSION = 3.0;
				TEST_TARGET_NAME = DVImageBrowserVCDemo;
			};
			name = Release;
		};
/* End XCBuildConfiguration section */

/* Begin XCConfigurationList section */
		4B4CF4501F5535A200085FBF /* Build configuration list for PBXProject "DVImageBrowserVCDemo" */ = {
			isa = XCConfigurationList;
			buildConfigurations = (
				4B4CF47B1F5535A200085FBF /* Debug */,
				4B4CF47C1F5535A200085FBF /* Release */,
			);
			defaultConfigurationIsVisible = 0;
			defaultConfigurationName = Release;
		};
		4B4CF47D1F5535A200085FBF /* Build configuration list for PBXNativeTarget "DVImageBrowserVCDemo" */ = {
			isa = XCConfigurationList;
			buildConfigurations = (
				4B4CF47E1F5535A200085FBF /* Debug */,
				4B4CF47F1F5535A200085FBF /* Release */,
			);
			defaultConfigurationIsVisible = 0;
			defaultConfigurationName = Release;
		};
		4B4CF4801F5535A200085FBF /* Build configuration list for PBXNativeTarget "DVImageBrowserVCDemoTests" */ = {
			isa = XCConfigurationList;
			buildConfigurations = (
				4B4CF4811F5535A200085FBF /* Debug */,
				4B4CF4821F5535A200085FBF /* Release */,
			);
			defaultConfigurationIsVisible = 0;
			defaultConfigurationName = Release;
		};
		4B4CF4831F5535A200085FBF /* Build configuration list for PBXNativeTarget "DVImageBrowserVCDemoUITests" */ = {
			isa = XCConfigurationList;
			buildConfigurations = (
				4B4CF4841F5535A200085FBF /* Debug */,
				4B4CF4851F5535A200085FBF /* Release */,
			);
			defaultConfigurationIsVisible = 0;
			defaultConfigurationName = Release;
		};
/* End XCConfigurationList section */
	};
	rootObject = 4B4CF44D1F5535A200085FBF /* Project object */;
}
